lockfileVersion: '9.0'

settings:
  autoInstallPeers: true
  excludeLinksFromLockfile: false

importers:

  .:
    devDependencies:
      '@bufbuild/buf':
        specifier: 1.72.0
        version: 1.72.0
      '@bufbuild/protobuf':
        specifier: 2.14.1
        version: 2.14.1
      '@bufbuild/protoc-gen-es':
        specifier: 2.14.1
        version: 2.14.1(@bufbuild/protobuf@2.14.1)

packages:

  '@bufbuild/buf-darwin-arm64@1.72.0':
    resolution: {integrity: sha512-rKHRvjwAThapxIoOn92vIoTjYSz5FmRemDRLU4BYT4T6QWMEC13PM3/pPnqVgsNKZ5aW7iYDm9ztnisEqSi5yA==}
    engines: {node: '>=12'}
    cpu: [arm64]
    os: [darwin]

  '@bufbuild/buf-darwin-x64@1.72.0':
    resolution: {integrity: sha512-4TQ1AGft8sGspNg9NMsEjsKKis7nGaVV8tZLnNa3cKUBmx22gwOnB6VRhgKWwjf+BDqr85lUEzQ6wHCboNUutg==}
    engines: {node: '>=12'}
    cpu: [x64]
    os: [darwin]

  '@bufbuild/buf-linux-aarch64@1.72.0':
    resolution: {integrity: sha512-cbIsUcgM5bHhbZWcDaAXqaYOAi8N0c0u+NiDydwVmZ04Et3s1EZ3TDqfQDRzwvoBPDP+lsO6YuTRXX6nI28x4w==}
    engines: {node: '>=12'}
    cpu: [arm64]
    os: [linux]

  '@bufbuild/buf-linux-armv7@1.72.0':
    resolution: {integrity: sha512-v/bXVsFL8YNm2HgosGb9r3+nAt4jQiUc3r3JipYuiVY3DAJZAjoEvcak6/BkxQMTEQz9Zb8gRRlule9IFkbc5g==}
    engines: {node: '>=12'}
    cpu: [arm]
    os: [linux]

  '@bufbuild/buf-linux-x64@1.72.0':
    resolution: {integrity: sha512-4xHGXEjqFxo1wX1zMGq4CzhYt5++nrj4C7k30j+YmGtvqCnipfdSe+V6kknBYRfYswVZEUwUbQOh6pnMTcGcrA==}
    engines: {node: '>=12'}
    cpu: [x64]
    os: [linux]

  '@bufbuild/buf-win32-arm64@1.72.0':
    resolution: {integrity: sha512-WH7ClsoB9A0e/5fFhx0DLqLzillYPRdHBhlwzihgvjGci0bBdyJVHSQGf0B9uspCMU6sn6W/N1S9/2vvQBNMug==}
    engines: {node: '>=12'}
    cpu: [arm64]
    os: [win32]

  '@bufbuild/buf-win32-x64@1.72.0':
    resolution: {integrity: sha512-X3eWqFzhDmu8CYQZz+Fu7i+PgH+yUl8UwJ5+x+bhZRYAIdcijikthodk60c5u/qq42m1Z2XAnAGyp/mTf7IffA==}
    engines: {node: '>=12'}
    cpu: [x64]
    os: [win32]

  '@bufbuild/buf@1.72.0':
    resolution: {integrity: sha512-BwBKTX/WXkhAhqWJGrEKnqU03/4tK1O0OozSlwUMBCOEo8pLL3xu3M24RT3+umExEeM0wjlANO6axqGWMqtt4Q==}
    engines: {node: '>=12'}
    hasBin: true

  '@bufbuild/protobuf@2.14.1':
    resolution: {integrity: sha512-agRJn3+EJDUe8AvxTx/LnHA/GErvLE62pSaSk7+MwFOtOv8eWBu/qCq2qoZjBjVZ3C2aiFJCveuSs17KMkYGOw==}

  '@bufbuild/protoc-gen-es@2.14.1':
    resolution: {integrity: sha512-agiGxvA1VAzWPdtOiktK39BNvGgHc1jHBCI1XYQtCQDSpt/5pZ7jTRGKv0fYzExbovDVu+yxJq4Srpv8zCIvUQ==}
    engines: {node: '>=22'}
    hasBin: true
    peerDependencies:
      '@bufbuild/protobuf': 2.14.1
    peerDependenciesMeta:
      '@bufbuild/protobuf':
        optional: true

  '@bufbuild/protoplugin@2.14.1':
    resolution: {integrity: sha512-oddqHkmUlBSo1TgswPW6hzrP/3nxMIdKUMcB6/NSY/oUkepDV7SealCZlE0ZxhLRIgmvDSuNWOb0HEKfsWPJww==}

  '@typescript/vfs@1.6.4':
    resolution: {integrity: sha512-PJFXFS4ZJKiJ9Qiuix6Dz/OwEIqHD7Dme1UwZhTK11vR+5dqW2ACbdndWQexBzCx+CPuMe5WBYQWCsFyGlQLlQ==}
    peerDependencies:
      typescript: '*'

  debug@4.4.3:
    resolution: {integrity: sha512-RGwwWnwQvkVfavKVt22FGLw+xYSdzARwm0ru6DhTVA3umU5hZc28V3kO4stgYryrTlLpuvgI9GiijltAjNbcqA==}
    engines: {node: '>=6.0'}
    peerDependencies:
      supports-color: '*'
    peerDependenciesMeta:
      supports-color:
        optional: true

  ms@2.1.3:
    resolution: {integrity: sha512-6FlzubTLZG3J2a/NVCAleEhjzq5oxgHyaCU9yYXvcLsvoVaHJq/s5xXI6/XXP6tz7R9xAOtHnSO/tXtF3WRTlA==}

  typescript@5.4.5:
    resolution: {integrity: sha512-vcI4UpRgg81oIRUFwR0WSIHKt11nJ7SAVlYNIu+QpqeyXP+gpQJy/Z4+F0aGxSE4MqwjyXvW/TzgkLAx2AGHwQ==}
    engines: {node: '>=14.17'}
    hasBin: true

snapshots:

  '@bufbuild/buf-darwin-arm64@1.72.0':
    optional: true

  '@bufbuild/buf-darwin-x64@1.72.0':
    optional: true

  '@bufbuild/buf-linux-aarch64@1.72.0':
    optional: true

  '@bufbuild/buf-linux-armv7@1.72.0':
    optional: true

  '@bufbuild/buf-linux-x64@1.72.0':
    optional: true

  '@bufbuild/buf-win32-arm64@1.72.0':
    optional: true

  '@bufbuild/buf-win32-x64@1.72.0':
    optional: true

  '@bufbuild/buf@1.72.0':
    optionalDependencies:
      '@bufbuild/buf-darwin-arm64': 1.72.0
      '@bufbuild/buf-darwin-x64': 1.72.0
      '@bufbuild/buf-linux-aarch64': 1.72.0
      '@bufbuild/buf-linux-armv7': 1.72.0
      '@bufbuild/buf-linux-x64': 1.72.0
      '@bufbuild/buf-win32-arm64': 1.72.0
      '@bufbuild/buf-win32-x64': 1.72.0

  '@bufbuild/protobuf@2.14.1': {}

  '@bufbuild/protoc-gen-es@2.14.1(@bufbuild/protobuf@2.14.1)':
    dependencies:
      '@bufbuild/protoplugin': 2.14.1
    optionalDependencies:
      '@bufbuild/protobuf': 2.14.1
    transitivePeerDependencies:
      - supports-color

  '@bufbuild/protoplugin@2.14.1':
    dependencies:
      '@bufbuild/protobuf': 2.14.1
      '@typescript/vfs': 1.6.4(typescript@5.4.5)
      typescript: 5.4.5
    transitivePeerDependencies:
      - supports-color

  '@typescript/vfs@1.6.4(typescript@5.4.5)':
    dependencies:
      debug: 4.4.3
      typescript: 5.4.5
    transitivePeerDependencies:
      - supports-color

  debug@4.4.3:
    dependencies:
      ms: 2.1.3

  ms@2.1.3: {}

  typescript@5.4.5: {}
