lockfileVersion: '9.0'

settings:
  autoInstallPeers: true
  excludeLinksFromLockfile: false

importers:

  .:
    dependencies:
      '@bufbuild/protobuf':
        specifier: 2.14.1
        version: 2.14.1

packages:

  '@bufbuild/protobuf@2.14.1':
    resolution: {integrity: sha512-agRJn3+EJDUe8AvxTx/LnHA/GErvLE62pSaSk7+MwFOtOv8eWBu/qCq2qoZjBjVZ3C2aiFJCveuSs17KMkYGOw==}

snapshots:

  '@bufbuild/protobuf@2.14.1': {}
